// !$*UTF8*$!
{
	archiveVersion = 1;
	classes = {
	};
	objectVersion = 56;
	objects = {

/* Begin PBXBuildFile section */
		04A7814E4EEC70DE7D6C41B1 /* Assets.xcassets in Resources */ = {isa = PBXBuildFile; fileRef = 8D562B3E40B6C9EC53F38F07 /* Assets.xcassets */; };
		08A236A7CC430CE5686E8E1D /* GoalsStore.swift in Sources */ = {isa = PBXBuildFile; fileRef = E0E4AB1CC349ED1FBF5A1D2B /* GoalsStore.swift */; };
		0D0BA096B47AC797DC33EF14 /* GoalCardView.swift in Sources */ = {isa = PBXBuildFile; fileRef = F1A323FB59FB3B6BEECFE727 /* GoalCardView.swift */; };
		163EE3E534E9E1E8F7C35C68 /* EmojiPickerView.swift in Sources */ = {isa = PBXBuildFile; fileRef = 11FC74A5002FB6266E664F79 /* EmojiPickerView.swift */; };
		194F4CC833C7397FF40D86DC /* MilestoneBadgeView.swift in Sources */ = {isa = PBXBuildFile; fileRef = 440FCE18714303C514FCE420 /* MilestoneBadgeView.swift */; };
		1B3E66A18B5174097204BD68 /* Extensions.swift in Sources */ = {isa = PBXBuildFile; fileRef = 5027FD2B323AD36C3329A4DC /* Extensions.swift */; };
		2566297E20A23881963BC5A3 /* CircularProgressView.swift in Sources */ = {isa = PBXBuildFile; fileRef = 24698E30306360A633D4F0C2 /* CircularProgressView.swift */; };
		39432E6FB351F981A726125F /* AddEditGoalView.swift in Sources */ = {isa = PBXBuildFile; fileRef = AE416B6F606D56B9BBF352DD /* AddEditGoalView.swift */; };
		84E67AFC9582C22B3D3F4FF1 /* Constants.swift in Sources */ = {isa = PBXBuildFile; fileRef = 1F98B3E168DB05E90BE3D67A /* Constants.swift */; };
		8AC7DACA9A1EF2C86B5A562E /* SavingsGoal.swift in Sources */ = {isa = PBXBuildFile; fileRef = E12D02A99486EED591EE12F3 /* SavingsGoal.swift */; };
		90D64E596109EE8AE6045BBA /* SavvoApp.swift in Sources */ = {isa = PBXBuildFile; fileRef = BA43B63FA1FE5C88B544A2CD /* SavvoApp.swift */; };
		9865E92EB671B8366E652E92 /* DepositSheetView.swift in Sources */ = {isa = PBXBuildFile; fileRef = E59BC43D158C39DACEF19E86 /* DepositSheetView.swift */; };
		9C2FCEFE0F6CA6F4C9AC071F /* SettingsView.swift in Sources */ = {isa = PBXBuildFile; fileRef = BA5C515A70A9A9EE01C6CCB1 /* SettingsView.swift */; };
		A050DEA615EF70326630A71F /* StatCardView.swift in Sources */ = {isa = PBXBuildFile; fileRef = F884E09431BACC519FAECB45 /* StatCardView.swift */; };
		C194432EEA31B1289DBE3E25 /* ConfettiView.swift in Sources */ = {isa = PBXBuildFile; fileRef = E4EC4CB00A19FD6E4912FFC9 /* ConfettiView.swift */; };
		C6A5AA1937C362EFE96D3E28 /* ContentView.swift in Sources */ = {isa = PBXBuildFile; fileRef = B5EED8A2ED0BAE0359DC140A /* ContentView.swift */; };
		CA918F3566330228022F822E /* Deposit.swift in Sources */ = {isa = PBXBuildFile; fileRef = 7059AB91C974C41617F6F9E2 /* Deposit.swift */; };
		D916E7B0123C7A1DFB0F9F7D /* MotivationCardView.swift in Sources */ = {isa = PBXBuildFile; fileRef = 4FC93FE268182E9D8F40BE3A /* MotivationCardView.swift */; };
		DBF659757A927880D0875B1A /* GoalDetailView.swift in Sources */ = {isa = PBXBuildFile; fileRef = AC3F7E6CC5CEA1FFD44B05ED /* GoalDetailView.swift */; };
		EDF2970155CEEFB65C4B8139 /* NotificationManager.swift in Sources */ = {isa = PBXBuildFile; fileRef = 7210ACEA01008CCEBC5E1FB8 /* NotificationManager.swift */; };
		F520E8367D931937169E4662 /* HomeView.swift in Sources */ = {isa = PBXBuildFile; fileRef = 592E937B8873AB43CD86F1A4 /* HomeView.swift */; };
		F511D9CB8F68D9D9B0341314 /* ExploreView.swift in Sources */ = {isa = PBXBuildFile; fileRef = A043BAE1603803A839C0CB52 /* ExploreView.swift */; };
		F8FD0BA84A167FE482ED4A92 /* AnalysisView.swift in Sources */ = {isa = PBXBuildFile; fileRef = E5A6E743849E63F8101AC616 /* AnalysisView.swift */; };
		32E97CC31667BAF165D33764 /* ProfileView.swift in Sources */ = {isa = PBXBuildFile; fileRef = 638B34FA781359331A3ED13A /* ProfileView.swift */; };
		AB0001AA00000000000000A2 /* GoalCategory.swift in Sources */ = {isa = PBXBuildFile; fileRef = AB0001AA00000000000000A1 /* GoalCategory.swift */; };
		AB0001AA00000000000000A4 /* OnboardingCoordinatorView.swift in Sources */ = {isa = PBXBuildFile; fileRef = AB0001AA00000000000000A3 /* OnboardingCoordinatorView.swift */; };
		AB0001AA00000000000000A6 /* OnboardingWelcomeView.swift in Sources */ = {isa = PBXBuildFile; fileRef = AB0001AA00000000000000A5 /* OnboardingWelcomeView.swift */; };
		AB0001AA00000000000000A8 /* OnboardingCategoryPickerView.swift in Sources */ = {isa = PBXBuildFile; fileRef = AB0001AA00000000000000A7 /* OnboardingCategoryPickerView.swift */; };
		AB0001AA00000000000000AA /* OnboardingGoalBuilderView.swift in Sources */ = {isa = PBXBuildFile; fileRef = AB0001AA00000000000000A9 /* OnboardingGoalBuilderView.swift */; };
		AB0001AA00000000000000AC /* OnboardingSavingsPlanPreview.swift in Sources */ = {isa = PBXBuildFile; fileRef = AB0001AA00000000000000AB /* OnboardingSavingsPlanPreview.swift */; };
		AB0001AA00000000000000AE /* SavingsPlanChartView.swift in Sources */ = {isa = PBXBuildFile; fileRef = AB0001AA00000000000000AD /* SavingsPlanChartView.swift */; };
/* End PBXBuildFile section */

/* Begin PBXFileReference section */
		11FC74A5002FB6266E664F79 /* EmojiPickerView.swift */ = {isa = PBXFileReference; lastKnownFileType = sourcecode.swift; path = EmojiPickerView.swift; sourceTree = "<group>"; };
		1F98B3E168DB05E90BE3D67A /* Constants.swift */ = {isa = PBXFileReference; lastKnownFileType = sourcecode.swift; path = Constants.swift; sourceTree = "<group>"; };
		24698E30306360A633D4F0C2 /* CircularProgressView.swift */ = {isa = PBXFileReference; lastKnownFileType = sourcecode.swift; path = CircularProgressView.swift; sourceTree = "<group>"; };
		440FCE18714303C514FCE420 /* MilestoneBadgeView.swift */ = {isa = PBXFileReference; lastKnownFileType = sourcecode.swift; path = MilestoneBadgeView.swift; sourceTree = "<group>"; };
		4FC93FE268182E9D8F40BE3A /* MotivationCardView.swift */ = {isa = PBXFileReference; lastKnownFileType = sourcecode.swift; path = MotivationCardView.swift; sourceTree = "<group>"; };
		5027FD2B323AD36C3329A4DC /* Extensions.swift */ = {isa = PBXFileReference; lastKnownFileType = sourcecode.swift; path = Extensions.swift; sourceTree = "<group>"; };
		592E937B8873AB43CD86F1A4 /* HomeView.swift */ = {isa = PBXFileReference; lastKnownFileType = sourcecode.swift; path = HomeView.swift; sourceTree = "<group>"; };
		7059AB91C974C41617F6F9E2 /* Deposit.swift */ = {isa = PBXFileReference; lastKnownFileType = sourcecode.swift; path = Deposit.swift; sourceTree = "<group>"; };
		7210ACEA01008CCEBC5E1FB8 /* NotificationManager.swift */ = {isa = PBXFileReference; lastKnownFileType = sourcecode.swift; path = NotificationManager.swift; sourceTree = "<group>"; };
		8D562B3E40B6C9EC53F38F07 /* Assets.xcassets */ = {isa = PBXFileReference; lastKnownFileType = folder.assetcatalog; path = Assets.xcassets; sourceTree = "<group>"; };
		AC3F7E6CC5CEA1FFD44B05ED /* GoalDetailView.swift */ = {isa = PBXFileReference; lastKnownFileType = sourcecode.swift; path = GoalDetailView.swift; sourceTree = "<group>"; };
		AE416B6F606D56B9BBF352DD /* AddEditGoalView.swift */ = {isa = PBXFileReference; lastKnownFileType = sourcecode.swift; path = AddEditGoalView.swift; sourceTree = "<group>"; };
		B5EED8A2ED0BAE0359DC140A /* ContentView.swift */ = {isa = PBXFileReference; lastKnownFileType = sourcecode.swift; path = ContentView.swift; sourceTree = "<group>"; };
		BA43B63FA1FE5C88B544A2CD /* SavvoApp.swift */ = {isa = PBXFileReference; lastKnownFileType = sourcecode.swift; path = SavvoApp.swift; sourceTree = "<group>"; };
		BA5C515A70A9A9EE01C6CCB1 /* SettingsView.swift */ = {isa = PBXFileReference; lastKnownFileType = sourcecode.swift; path = SettingsView.swift; sourceTree = "<group>"; };
		CE29BE284D8E7CDFA377A125 /* Savvo.app */ = {isa = PBXFileReference; explicitFileType = wrapper.application; includeInIndex = 0; path = Savvo.app; sourceTree = BUILT_PRODUCTS_DIR; };
		E0E4AB1CC349ED1FBF5A1D2B /* GoalsStore.swift */ = {isa = PBXFileReference; lastKnownFileType = sourcecode.swift; path = GoalsStore.swift; sourceTree = "<group>"; };
		E12D02A99486EED591EE12F3 /* SavingsGoal.swift */ = {isa = PBXFileReference; lastKnownFileType = sourcecode.swift; path = SavingsGoal.swift; sourceTree = "<group>"; };
		E4EC4CB00A19FD6E4912FFC9 /* ConfettiView.swift */ = {isa = PBXFileReference; lastKnownFileType = sourcecode.swift; path = ConfettiView.swift; sourceTree = "<group>"; };
		E59BC43D158C39DACEF19E86 /* DepositSheetView.swift */ = {isa = PBXFileReference; lastKnownFileType = sourcecode.swift; path = DepositSheetView.swift; sourceTree = "<group>"; };
		F1A323FB59FB3B6BEECFE727 /* GoalCardView.swift */ = {isa = PBXFileReference; lastKnownFileType = sourcecode.swift; path = GoalCardView.swift; sourceTree = "<group>"; };
		F884E09431BACC519FAECB45 /* StatCardView.swift */ = {isa = PBXFileReference; lastKnownFileType = sourcecode.swift; path = StatCardView.swift; sourceTree = "<group>"; };
		A043BAE1603803A839C0CB52 /* ExploreView.swift */ = {isa = PBXFileReference; lastKnownFileType = sourcecode.swift; path = ExploreView.swift; sourceTree = "<group>"; };
		E5A6E743849E63F8101AC616 /* AnalysisView.swift */ = {isa = PBXFileReference; lastKnownFileType = sourcecode.swift; path = AnalysisView.swift; sourceTree = "<group>"; };
		638B34FA781359331A3ED13A /* ProfileView.swift */ = {isa = PBXFileReference; lastKnownFileType = sourcecode.swift; path = ProfileView.swift; sourceTree = "<group>"; };
		AB0001AA00000000000000A1 /* GoalCategory.swift */ = {isa = PBXFileReference; lastKnownFileType = sourcecode.swift; path = GoalCategory.swift; sourceTree = "<group>"; };
		AB0001AA00000000000000A3 /* OnboardingCoordinatorView.swift */ = {isa = PBXFileReference; lastKnownFileType = sourcecode.swift; path = OnboardingCoordinatorView.swift; sourceTree = "<group>"; };
		AB0001AA00000000000000A5 /* OnboardingWelcomeView.swift */ = {isa = PBXFileReference; lastKnownFileType = sourcecode.swift; path = OnboardingWelcomeView.swift; sourceTree = "<group>"; };
		AB0001AA00000000000000A7 /* OnboardingCategoryPickerView.swift */ = {isa = PBXFileReference; lastKnownFileType = sourcecode.swift; path = OnboardingCategoryPickerView.swift; sourceTree = "<group>"; };
		AB0001AA00000000000000A9 /* OnboardingGoalBuilderView.swift */ = {isa = PBXFileReference; lastKnownFileType = sourcecode.swift; path = OnboardingGoalBuilderView.swift; sourceTree = "<group>"; };
		AB0001AA00000000000000AB /* OnboardingSavingsPlanPreview.swift */ = {isa = PBXFileReference; lastKnownFileType = sourcecode.swift; path = OnboardingSavingsPlanPreview.swift; sourceTree = "<group>"; };
		AB0001AA00000000000000AD /* SavingsPlanChartView.swift */ = {isa = PBXFileReference; lastKnownFileType = sourcecode.swift; path = SavingsPlanChartView.swift; sourceTree = "<group>"; };
/* End PBXFileReference section */

/* Begin PBXFrameworksBuildPhase section */
		29B2D46AA747A59804D46E1F /* Frameworks */ = {
			isa = PBXFrameworksBuildPhase;
			buildActionMask = 2147483647;
			files = (
			);
			runOnlyForDeploymentPostprocessing = 0;
		};
/* End PBXFrameworksBuildPhase section */

/* Begin PBXGroup section */
		33250EB94151AE7B521566A3 /* Settings */ = {
			isa = PBXGroup;
			children = (
				BA5C515A70A9A9EE01C6CCB1 /* SettingsView.swift */,
			);
			path = Settings;
			sourceTree = "<group>";
		};
		A5534EA92B26FA8ADC30543F /* Explore */ = {
			isa = PBXGroup;
			children = (
				A043BAE1603803A839C0CB52 /* ExploreView.swift */,
			);
			path = Explore;
			sourceTree = "<group>";
		};
		C8C8050EED40EF171CC2784D /* Analysis */ = {
			isa = PBXGroup;
			children = (
				E5A6E743849E63F8101AC616 /* AnalysisView.swift */,
			);
			path = Analysis;
			sourceTree = "<group>";
		};
		3E7D80FDFED273606F4C76FF /* Profile */ = {
			isa = PBXGroup;
			children = (
				638B34FA781359331A3ED13A /* ProfileView.swift */,
			);
			path = Profile;
			sourceTree = "<group>";
		};
		42C8C8F52FD4BBFAB782A409 /* Utilities */ = {
			isa = PBXGroup;
			children = (
				5027FD2B323AD36C3329A4DC /* Extensions.swift */,
				1F98B3E168DB05E90BE3D67A /* Constants.swift */,
			);
			path = Utilities;
			sourceTree = "<group>";
		};
		42EB2D6C143692D8A6C71924 /* Home */ = {
			isa = PBXGroup;
			children = (
				592E937B8873AB43CD86F1A4 /* HomeView.swift */,
				F1A323FB59FB3B6BEECFE727 /* GoalCardView.swift */,
				4FC93FE268182E9D8F40BE3A /* MotivationCardView.swift */,
			);
			path = Home;
			sourceTree = "<group>";
		};
		508B330CCDE923938D8FFB64 /* Components */ = {
			isa = PBXGroup;
			children = (
				F884E09431BACC519FAECB45 /* StatCardView.swift */,
				440FCE18714303C514FCE420 /* MilestoneBadgeView.swift */,
				E4EC4CB00A19FD6E4912FFC9 /* ConfettiView.swift */,
			);
			path = Components;
			sourceTree = "<group>";
		};
		5928955287B8089ED2177128 /* MainGroup */ = {
			isa = PBXGroup;
			children = (
				AC09D4F3B3050FD0D5554051 /* Savvo */,
				BF7A2D27A78D590BDEF15AF2 /* Products */,
			);
			name = MainGroup;
			sourceTree = "<group>";
		};
		6DEC2CC29F81BBEDE466FBB9 /* Detail */ = {
			isa = PBXGroup;
			children = (
				AC3F7E6CC5CEA1FFD44B05ED /* GoalDetailView.swift */,
				E59BC43D158C39DACEF19E86 /* DepositSheetView.swift */,
				24698E30306360A633D4F0C2 /* CircularProgressView.swift */,
				AB0001AA00000000000000AD /* SavingsPlanChartView.swift */,
			);
			path = Detail;
			sourceTree = "<group>";
		};
		78EF4B0EA3FDA2A792BCF074 /* Views */ = {
			isa = PBXGroup;
			children = (
				42EB2D6C143692D8A6C71924 /* Home */,
				6DEC2CC29F81BBEDE466FBB9 /* Detail */,
				988D79E26E7969F1F393BEAF /* AddEdit */,
				508B330CCDE923938D8FFB64 /* Components */,
				33250EB94151AE7B521566A3 /* Settings */,
				A5534EA92B26FA8ADC30543F /* Explore */,
				C8C8050EED40EF171CC2784D /* Analysis */,
				3E7D80FDFED273606F4C76FF /* Profile */,
				AB0001AA000000000000000F /* Onboarding */,
			);
			path = Views;
			sourceTree = "<group>";
		};
		AB0001AA000000000000000F /* Onboarding */ = {
			isa = PBXGroup;
			children = (
				AB0001AA00000000000000A3 /* OnboardingCoordinatorView.swift */,
				AB0001AA00000000000000A5 /* OnboardingWelcomeView.swift */,
				AB0001AA00000000000000A7 /* OnboardingCategoryPickerView.swift */,
				AB0001AA00000000000000A9 /* OnboardingGoalBuilderView.swift */,
				AB0001AA00000000000000AB /* OnboardingSavingsPlanPreview.swift */,
			);
			path = Onboarding;
			sourceTree = "<group>";
		};
		988D79E26E7969F1F393BEAF /* AddEdit */ = {
			isa = PBXGroup;
			children = (
				AE416B6F606D56B9BBF352DD /* AddEditGoalView.swift */,
				11FC74A5002FB6266E664F79 /* EmojiPickerView.swift */,
			);
			path = AddEdit;
			sourceTree = "<group>";
		};
		AC09D4F3B3050FD0D5554051 /* Savvo */ = {
			isa = PBXGroup;
			children = (
				BA43B63FA1FE5C88B544A2CD /* SavvoApp.swift */,
				B5EED8A2ED0BAE0359DC140A /* ContentView.swift */,
				8D562B3E40B6C9EC53F38F07 /* Assets.xcassets */,
				CA608C0B22E7B6F9B389BDDD /* Models */,
				E3EEF78AC67933824D83D3B4 /* ViewModels */,
				78EF4B0EA3FDA2A792BCF074 /* Views */,
				42C8C8F52FD4BBFAB782A409 /* Utilities */,
			);
			path = Savvo;
			sourceTree = "<group>";
		};
		BF7A2D27A78D590BDEF15AF2 /* Products */ = {
			isa = PBXGroup;
			children = (
				CE29BE284D8E7CDFA377A125 /* Savvo.app */,
			);
			name = Products;
			sourceTree = "<group>";
		};
		CA608C0B22E7B6F9B389BDDD /* Models */ = {
			isa = PBXGroup;
			children = (
				E12D02A99486EED591EE12F3 /* SavingsGoal.swift */,
				7059AB91C974C41617F6F9E2 /* Deposit.swift */,
				AB0001AA00000000000000A1 /* GoalCategory.swift */,
			);
			path = Models;
			sourceTree = "<group>";
		};
		E3EEF78AC67933824D83D3B4 /* ViewModels */ = {
			isa = PBXGroup;
			children = (
				E0E4AB1CC349ED1FBF5A1D2B /* GoalsStore.swift */,
				7210ACEA01008CCEBC5E1FB8 /* NotificationManager.swift */,
			);
			path = ViewModels;
			sourceTree = "<group>";
		};
/* End PBXGroup section */

/* Begin PBXNativeTarget section */
		42AEFBAE01D2DFD981F7DA7D /* Savvo */ = {
			isa = PBXNativeTarget;
			buildConfigurationList = 02FCC2BDE0CCA88BCBAA3FB5 /* Build configuration list for PBXNativeTarget "Savvo" */;
			buildPhases = (
				E7209FB05162B7572F88D05E /* Sources */,
				29B2D46AA747A59804D46E1F /* Frameworks */,
				66F8606E9F0A136E2228EBCB /* Resources */,
			);
			buildRules = (
			);
			dependencies = (
			);
			name = Savvo;
			productName = Savvo;
			productReference = CE29BE284D8E7CDFA377A125 /* Savvo.app */;
			productType = "com.apple.product-type.application";
		};
/* End PBXNativeTarget section */

/* Begin PBXProject section */
		46F86FAA6BBF9AC94A7E4595 /* Project object */ = {
			isa = PBXProject;
			attributes = {
				BuildIndependentTargetsInParallel = 1;
				LastSwiftUpdateCheck = 1500;
				LastUpgradeCheck = 1500;
				TargetAttributes = {
					42AEFBAE01D2DFD981F7DA7D = {
						CreatedOnToolsVersion = 15.0;
					};
				};
			};
			buildConfigurationList = 4623F89214148A3820E2F59A /* Build configuration list for PBXProject "Savvo" */;
			compatibilityVersion = "Xcode 14.0";
			developmentRegion = de;
			hasScannedForEncodings = 0;
			knownRegions = (
				de,
				en,
				Base,
			);
			mainGroup = 5928955287B8089ED2177128 /* MainGroup */;
			productRefGroup = BF7A2D27A78D590BDEF15AF2 /* Products */;
			projectDirPath = "";
			projectRoot = "";
			targets = (
				42AEFBAE01D2DFD981F7DA7D /* Savvo */,
			);
		};
/* End PBXProject section */

/* Begin PBXResourcesBuildPhase section */
		66F8606E9F0A136E2228EBCB /* Resources */ = {
			isa = PBXResourcesBuildPhase;
			buildActionMask = 2147483647;
			files = (
				04A7814E4EEC70DE7D6C41B1 /* Assets.xcassets in Resources */,
			);
			runOnlyForDeploymentPostprocessing = 0;
		};
/* End PBXResourcesBuildPhase section */

/* Begin PBXSourcesBuildPhase section */
		E7209FB05162B7572F88D05E /* Sources */ = {
			isa = PBXSourcesBuildPhase;
			buildActionMask = 2147483647;
			files = (
				90D64E596109EE8AE6045BBA /* SavvoApp.swift in Sources */,
				C6A5AA1937C362EFE96D3E28 /* ContentView.swift in Sources */,
				8AC7DACA9A1EF2C86B5A562E /* SavingsGoal.swift in Sources */,
				CA918F3566330228022F822E /* Deposit.swift in Sources */,
				08A236A7CC430CE5686E8E1D /* GoalsStore.swift in Sources */,
				EDF2970155CEEFB65C4B8139 /* NotificationManager.swift in Sources */,
				F520E8367D931937169E4662 /* HomeView.swift in Sources */,
				0D0BA096B47AC797DC33EF14 /* GoalCardView.swift in Sources */,
				D916E7B0123C7A1DFB0F9F7D /* MotivationCardView.swift in Sources */,
				DBF659757A927880D0875B1A /* GoalDetailView.swift in Sources */,
				9865E92EB671B8366E652E92 /* DepositSheetView.swift in Sources */,
				2566297E20A23881963BC5A3 /* CircularProgressView.swift in Sources */,
				39432E6FB351F981A726125F /* AddEditGoalView.swift in Sources */,
				163EE3E534E9E1E8F7C35C68 /* EmojiPickerView.swift in Sources */,
				A050DEA615EF70326630A71F /* StatCardView.swift in Sources */,
				194F4CC833C7397FF40D86DC /* MilestoneBadgeView.swift in Sources */,
				C194432EEA31B1289DBE3E25 /* ConfettiView.swift in Sources */,
				9C2FCEFE0F6CA6F4C9AC071F /* SettingsView.swift in Sources */,
				1B3E66A18B5174097204BD68 /* Extensions.swift in Sources */,
				84E67AFC9582C22B3D3F4FF1 /* Constants.swift in Sources */,
				F511D9CB8F68D9D9B0341314 /* ExploreView.swift in Sources */,
				F8FD0BA84A167FE482ED4A92 /* AnalysisView.swift in Sources */,
				32E97CC31667BAF165D33764 /* ProfileView.swift in Sources */,
				AB0001AA00000000000000A2 /* GoalCategory.swift in Sources */,
				AB0001AA00000000000000A4 /* OnboardingCoordinatorView.swift in Sources */,
				AB0001AA00000000000000A6 /* OnboardingWelcomeView.swift in Sources */,
				AB0001AA00000000000000A8 /* OnboardingCategoryPickerView.swift in Sources */,
				AB0001AA00000000000000AA /* OnboardingGoalBuilderView.swift in Sources */,
				AB0001AA00000000000000AC /* OnboardingSavingsPlanPreview.swift in Sources */,
				AB0001AA00000000000000AE /* SavingsPlanChartView.swift in Sources */,
			);
			runOnlyForDeploymentPostprocessing = 0;
		};
/* End PBXSourcesBuildPhase section */

/* Begin XCBuildConfiguration section */
		38D8ABCCB945710026C39602 /* Release */ = {
			isa = XCBuildConfiguration;
			buildSettings = {
				ALWAYS_SEARCH_USER_PATHS = NO;
				COPY_PHASE_STRIP = YES;
				GCC_C_LANGUAGE_STANDARD = gnu17;
				IPHONEOS_DEPLOYMENT_TARGET = 17.0;
				MTL_FAST_MATH = YES;
				SWIFT_COMPILATION_MODE = wholemodule;
				SWIFT_OPTIMIZATION_LEVEL = "-O";
			};
			name = Release;
		};
		AF553ED564EB4143D28737B9 /* Debug */ = {
			isa = XCBuildConfiguration;
			buildSettings = {
				ALWAYS_SEARCH_USER_PATHS = NO;
				CLANG_ANALYZER_NONNULL = YES;
				CLANG_ENABLE_MODULES = YES;
				CLANG_ENABLE_OBJC_ARC = YES;
				COPY_PHASE_STRIP = NO;
				GCC_C_LANGUAGE_STANDARD = gnu17;
				GCC_WARN_ABOUT_RETURN_TYPE = YES_ERROR;
				GCC_WARN_UNINITIALIZED_AUTOS = YES_AGGRESSIVE;
				GCC_WARN_UNUSED_VARIABLE = YES;
				IPHONEOS_DEPLOYMENT_TARGET = 17.0;
				MTL_ENABLE_DEBUG_INFO = INCLUDE_SOURCE;
				MTL_FAST_MATH = YES;
				SWIFT_ACTIVE_COMPILATION_CONDITIONS = DEBUG;
			};
			name = Debug;
		};
		D76C9AE50B902522C365F983 /* Debug */ = {
			isa = XCBuildConfiguration;
			buildSettings = {
				ASSETCATALOG_COMPILER_APPICON_NAME = AppIcon;
				ASSETCATALOG_COMPILER_GLOBAL_ACCENT_COLOR_NAME = AccentColor;
				CODE_SIGN_STYLE = Automatic;
				CURRENT_PROJECT_VERSION = 1;
				DEVELOPMENT_TEAM = 7XQ65R8AB5;
				GENERATE_INFOPLIST_FILE = YES;
				INFOPLIST_KEY_NSUserNotificationsUsageDescription = "Savvo sendet dir Erinnerungen und Meilenstein-Benachrichtigungen.";
				INFOPLIST_KEY_UIApplicationSceneManifest_Generation = YES;
				INFOPLIST_KEY_UIApplicationSupportsIndirectInputEvents = YES;
				INFOPLIST_KEY_UILaunchScreen_Generation = YES;
				INFOPLIST_KEY_UISupportedInterfaceOrientations_iPhone = "UIInterfaceOrientationPortrait UIInterfaceOrientationLandscapeLeft UIInterfaceOrientationLandscapeRight";
				MARKETING_VERSION = 1.0;
				PRODUCT_BUNDLE_IDENTIFIER = com.savvo.app;
				PRODUCT_NAME = "$(TARGET_NAME)";
				SUPPORTED_PLATFORMS = "iphoneos iphonesimulator macosx";
				SUPPORTS_MACCATALYST = NO;
				SWIFT_EMIT_LOC_STRINGS = YES;
				SWIFT_VERSION = 5.0;
				TARGETED_DEVICE_FAMILY = "1,2";
			};
			name = Debug;
		};
		DADBBA2E3EC6E6A3EE3F5542 /* Release */ = {
			isa = XCBuildConfiguration;
			buildSettings = {
				ASSETCATALOG_COMPILER_APPICON_NAME = AppIcon;
				ASSETCATALOG_COMPILER_GLOBAL_ACCENT_COLOR_NAME = AccentColor;
				CODE_SIGN_STYLE = Automatic;
				CURRENT_PROJECT_VERSION = 1;
				DEVELOPMENT_TEAM = 7XQ65R8AB5;
				GENERATE_INFOPLIST_FILE = YES;
				INFOPLIST_KEY_NSUserNotificationsUsageDescription = "Savvo sendet dir Erinnerungen und Meilenstein-Benachrichtigungen.";
				INFOPLIST_KEY_UIApplicationSceneManifest_Generation = YES;
				INFOPLIST_KEY_UIApplicationSupportsIndirectInputEvents = YES;
				INFOPLIST_KEY_UILaunchScreen_Generation = YES;
				INFOPLIST_KEY_UISupportedInterfaceOrientations_iPhone = "UIInterfaceOrientationPortrait UIInterfaceOrientationLandscapeLeft UIInterfaceOrientationLandscapeRight";
				MARKETING_VERSION = 1.0;
				PRODUCT_BUNDLE_IDENTIFIER = com.savvo.app;
				PRODUCT_NAME = "$(TARGET_NAME)";
				SUPPORTED_PLATFORMS = "iphoneos iphonesimulator macosx";
				SUPPORTS_MACCATALYST = NO;
				SWIFT_EMIT_LOC_STRINGS = YES;
				SWIFT_VERSION = 5.0;
				TARGETED_DEVICE_FAMILY = "1,2";
			};
			name = Release;
		};
/* End XCBuildConfiguration section */

/* Begin XCConfigurationList section */
		02FCC2BDE0CCA88BCBAA3FB5 /* Build configuration list for PBXNativeTarget "Savvo" */ = {
			isa = XCConfigurationList;
			buildConfigurations = (
				D76C9AE50B902522C365F983 /* Debug */,
				DADBBA2E3EC6E6A3EE3F5542 /* Release */,
			);
			defaultConfigurationIsVisible = 0;
			defaultConfigurationName = Release;
		};
		4623F89214148A3820E2F59A /* Build configuration list for PBXProject "Savvo" */ = {
			isa = XCConfigurationList;
			buildConfigurations = (
				AF553ED564EB4143D28737B9 /* Debug */,
				38D8ABCCB945710026C39602 /* Release */,
			);
			defaultConfigurationIsVisible = 0;
			defaultConfigurationName = Release;
		};
/* End XCConfigurationList section */
	};
	rootObject = 46F86FAA6BBF9AC94A7E4595 /* Project object */;
}
